{
  "version": 4,
  "terraform_version": "1.2.5",
  "serial": 4,
  "lineage": "84db4d05-81ce-7c95-7372-947e2b212c5f",
  "outputs": {},
  "resources": [
    {
      "mode": "managed",
      "type": "github_repository",
      "name": "terraform-test",
      "provider": "provider[\"registry.terraform.io/integrations/github\"]",
      "instances": [
        {
          "schema_version": 0,
          "attributes": {
            "allow_auto_merge": false,
            "allow_merge_commit": true,
            "allow_rebase_merge": true,
            "allow_squash_merge": true,
            "archive_on_destroy": null,
            "archived": false,
            "auto_init": null,
            "branches": [],
            "default_branch": "main",
            "delete_branch_on_merge": false,
            "description": "this repo is being created by terraform",
            "etag": "W/\"cff150a9b7dcba58f9f3aec85c21ea646d4b66e26be25f2a60e462e07b6d9a82\"",
            "full_name": "NayeemOffice/terraform-demo-repo",
            "git_clone_url": "git://github.com/NayeemOffice/terraform-demo-repo.git",
            "gitignore_template": null,
            "has_downloads": false,
            "has_issues": false,
            "has_projects": false,
            "has_wiki": false,
            "homepage_url": "",
            "html_url": "https://github.com/NayeemOffice/terraform-demo-repo",
            "http_clone_url": "https://github.com/NayeemOffice/terraform-demo-repo.git",
            "id": "terraform-demo-repo",
            "ignore_vulnerability_alerts_during_read": null,
            "is_template": false,
            "license_template": null,
            "name": "terraform-demo-repo",
            "node_id": "R_kgDOHwpn1g",
            "pages": [],
            "private": false,
            "repo_id": 520775638,
            "ssh_clone_url": "git@github.com:NayeemOffice/terraform-demo-repo.git",
            "svn_url": "https://github.com/NayeemOffice/terraform-demo-repo",
            "template": [],
            "topics": [],
            "visibility": "public",
            "vulnerability_alerts": false
          },
          "sensitive_attributes": [],
          "private": "bnVsbA=="
        }
      ]
    }
  ]
}
